
Microsoft Visual Studio Solution File, Format Version 12.00
# Visual Studio Version 17
VisualStudioVersion = 17.6.33513.286
MinimumVisualStudioVersion = 10.0.40219.1
Project("{FAE04EC0-301F-11D3-BF4B-00C04F79EFBC}") = "Lab_3.1", "Lab_3.1\Lab_3.1.csproj", "{82DCE147-2D53-418E-9FA2-6D82E84D5F4E}"
EndProject
Global
	GlobalSection(SolutionConfigurationPlatforms) = preSolution
		Debug|Any CPU = Debug|Any CPU
		Release|Any CPU = Release|Any CPU
	EndGlobalSection
	GlobalSection(ProjectConfigurationPlatforms) = postSolution
		{82DCE147-2D53-418E-9FA2-6D82E84D5F4E}.Debug|Any CPU.ActiveCfg = Debug|Any CPU
		{82DCE147-2D53-418E-9FA2-6D82E84D5F4E}.Debug|Any CPU.Build.0 = Debug|Any CPU
		{82DCE147-2D53-418E-9FA2-6D82E84D5F4E}.Release|Any CPU.ActiveCfg = Release|Any CPU
		{82DCE147-2D53-418E-9FA2-6D82E84D5F4E}.Release|Any CPU.Build.0 = Release|Any CPU
	EndGlobalSection
	GlobalSection(SolutionProperties) = preSolution
		HideSolutionNode = FALSE
	EndGlobalSection
	GlobalSection(ExtensibilityGlobals) = postSolution
		SolutionGuid = {38C1676D-6219-48CC-832D-5DE9FE43B4FE}
	EndGlobalSection
EndGlobal
